// !$*UTF8*$!
{
	archiveVersion = 1;
	classes = {
	};
	objectVersion = 56;
	objects = {

/* Begin PBXBuildFile section */
		7D0EAD2D29CE34DC00BBFFD8 /* AppDelegate.swift in Sources */ = {isa = PBXBuildFile; fileRef = 7D0EAD2C29CE34DC00BBFFD8 /* AppDelegate.swift */; };
		7D0EAD2F29CE34DC00BBFFD8 /* SceneDelegate.swift in Sources */ = {isa = PBXBuildFile; fileRef = 7D0EAD2E29CE34DC00BBFFD8 /* SceneDelegate.swift */; };
		7D0EAD3129CE34DC00BBFFD8 /* ToDoViewController.swift in Sources */ = {isa = PBXBuildFile; fileRef = 7D0EAD3029CE34DC00BBFFD8 /* ToDoViewController.swift */; };
		7D0EAD3629CE34DD00BBFFD8 /* Assets.xcassets in Resources */ = {isa = PBXBuildFile; fileRef = 7D0EAD3529CE34DD00BBFFD8 /* Assets.xcassets */; };
		7D0EAD3929CE34DD00BBFFD8 /* LaunchScreen.storyboard in Resources */ = {isa = PBXBuildFile; fileRef = 7D0EAD3729CE34DD00BBFFD8 /* LaunchScreen.storyboard */; };
		7D0EAD4329CE386500BBFFD8 /* Extension+ToDoViewTableView.swift in Sources */ = {isa = PBXBuildFile; fileRef = 7D0EAD4229CE386500BBFFD8 /* Extension+ToDoViewTableView.swift */; };
		7D0EAD4529CE38CA00BBFFD8 /* ToDoListTableViewCell.swift in Sources */ = {isa = PBXBuildFile; fileRef = 7D0EAD4429CE38CA00BBFFD8 /* ToDoListTableViewCell.swift */; };
		7D0EAD4B29CF650700BBFFD8 /* ToDoListViewModel.swift in Sources */ = {isa = PBXBuildFile; fileRef = 7D0EAD4A29CF650700BBFFD8 /* ToDoListViewModel.swift */; };
		7D0EAD4E29CF651700BBFFD8 /* ToDo.swift in Sources */ = {isa = PBXBuildFile; fileRef = 7D0EAD4D29CF651700BBFFD8 /* ToDo.swift */; };
		7D385DC429D33CF700B256B6 /* ToDoView.swift in Sources */ = {isa = PBXBuildFile; fileRef = 7D385DC329D33CF700B256B6 /* ToDoView.swift */; };
/* End PBXBuildFile section */

/* Begin PBXFileReference section */
		7D0EAD2929CE34DC00BBFFD8 /* UIKitToDoListCombine.app */ = {isa = PBXFileReference; explicitFileType = wrapper.application; includeInIndex = 0; path = UIKitToDoListCombine.app; sourceTree = BUILT_PRODUCTS_DIR; };
		7D0EAD2C29CE34DC00BBFFD8 /* AppDelegate.swift */ = {isa = PBXFileReference; lastKnownFileType = sourcecode.swift; path = AppDelegate.swift; sourceTree = "<group>"; };
		7D0EAD2E29CE34DC00BBFFD8 /* SceneDelegate.swift */ = {isa = PBXFileReference; lastKnownFileType = sourcecode.swift; path = SceneDelegate.swift; sourceTree = "<group>"; };
		7D0EAD3029CE34DC00BBFFD8 /* ToDoViewController.swift */ = {isa = PBXFileReference; lastKnownFileType = sourcecode.swift; path = ToDoViewController.swift; sourceTree = "<group>"; };
		7D0EAD3529CE34DD00BBFFD8 /* Assets.xcassets */ = {isa = PBXFileReference; lastKnownFileType = folder.assetcatalog; path = Assets.xcassets; sourceTree = "<group>"; };
		7D0EAD3829CE34DD00BBFFD8 /* Base */ = {isa = PBXFileReference; lastKnownFileType = file.storyboard; name = Base; path = Base.lproj/LaunchScreen.storyboard; sourceTree = "<group>"; };
		7D0EAD3A29CE34DD00BBFFD8 /* Info.plist */ = {isa = PBXFileReference; lastKnownFileType = text.plist.xml; path = Info.plist; sourceTree = "<group>"; };
		7D0EAD4229CE386500BBFFD8 /* Extension+ToDoViewTableView.swift */ = {isa = PBXFileReference; lastKnownFileType = sourcecode.swift; path = "Extension+ToDoViewTableView.swift"; sourceTree = "<group>"; };
		7D0EAD4429CE38CA00BBFFD8 /* ToDoListTableViewCell.swift */ = {isa = PBXFileReference; lastKnownFileType = sourcecode.swift; path = ToDoListTableViewCell.swift; sourceTree = "<group>"; };
		7D0EAD4A29CF650700BBFFD8 /* ToDoListViewModel.swift */ = {isa = PBXFileReference; lastKnownFileType = sourcecode.swift; path = ToDoListViewModel.swift; sourceTree = "<group>"; };
		7D0EAD4D29CF651700BBFFD8 /* ToDo.swift */ = {isa = PBXFileReference; lastKnownFileType = sourcecode.swift; path = ToDo.swift; sourceTree = "<group>"; };
		7D385DC329D33CF700B256B6 /* ToDoView.swift */ = {isa = PBXFileReference; lastKnownFileType = sourcecode.swift; path = ToDoView.swift; sourceTree = "<group>"; };
/* End PBXFileReference section */

/* Begin PBXFrameworksBuildPhase section */
		7D0EAD2629CE34DC00BBFFD8 /* Frameworks */ = {
			isa = PBXFrameworksBuildPhase;
			buildActionMask = 2147483647;
			files = (
			);
			runOnlyForDeploymentPostprocessing = 0;
		};
/* End PBXFrameworksBuildPhase section */

/* Begin PBXGroup section */
		7D0EAD2029CE34DC00BBFFD8 = {
			isa = PBXGroup;
			children = (
				7D0EAD2B29CE34DC00BBFFD8 /* UIKitToDoListCombine */,
				7D0EAD2A29CE34DC00BBFFD8 /* Products */,
			);
			sourceTree = "<group>";
		};
		7D0EAD2A29CE34DC00BBFFD8 /* Products */ = {
			isa = PBXGroup;
			children = (
				7D0EAD2929CE34DC00BBFFD8 /* UIKitToDoListCombine.app */,
			);
			name = Products;
			sourceTree = "<group>";
		};
		7D0EAD2B29CE34DC00BBFFD8 /* UIKitToDoListCombine */ = {
			isa = PBXGroup;
			children = (
				7D385DC129D33C3400B256B6 /* controller */,
				7D0EAD4C29CF650D00BBFFD8 /* model */,
				7D0EAD4929CF64EB00BBFFD8 /* viewModel */,
				7D0EAD4829CF64DE00BBFFD8 /* view */,
				7D0EAD2C29CE34DC00BBFFD8 /* AppDelegate.swift */,
				7D0EAD2E29CE34DC00BBFFD8 /* SceneDelegate.swift */,
				7D0EAD3529CE34DD00BBFFD8 /* Assets.xcassets */,
				7D0EAD3729CE34DD00BBFFD8 /* LaunchScreen.storyboard */,
				7D0EAD3A29CE34DD00BBFFD8 /* Info.plist */,
			);
			path = UIKitToDoListCombine;
			sourceTree = "<group>";
		};
		7D0EAD4829CF64DE00BBFFD8 /* view */ = {
			isa = PBXGroup;
			children = (
				7D385DC329D33CF700B256B6 /* ToDoView.swift */,
			);
			path = view;
			sourceTree = "<group>";
		};
		7D0EAD4929CF64EB00BBFFD8 /* viewModel */ = {
			isa = PBXGroup;
			children = (
				7D0EAD4A29CF650700BBFFD8 /* ToDoListViewModel.swift */,
			);
			path = viewModel;
			sourceTree = "<group>";
		};
		7D0EAD4C29CF650D00BBFFD8 /* model */ = {
			isa = PBXGroup;
			children = (
				7D0EAD4D29CF651700BBFFD8 /* ToDo.swift */,
			);
			path = model;
			sourceTree = "<group>";
		};
		7D385DC129D33C3400B256B6 /* controller */ = {
			isa = PBXGroup;
			children = (
				7D385DC229D33C3D00B256B6 /* cell */,
				7D0EAD3029CE34DC00BBFFD8 /* ToDoViewController.swift */,
				7D0EAD4229CE386500BBFFD8 /* Extension+ToDoViewTableView.swift */,
			);
			path = controller;
			sourceTree = "<group>";
		};
		7D385DC229D33C3D00B256B6 /* cell */ = {
			isa = PBXGroup;
			children = (
				7D0EAD4429CE38CA00BBFFD8 /* ToDoListTableViewCell.swift */,
			);
			path = cell;
			sourceTree = "<group>";
		};
/* End PBXGroup section */

/* Begin PBXNativeTarget section */
		7D0EAD2829CE34DC00BBFFD8 /* UIKitToDoListCombine */ = {
			isa = PBXNativeTarget;
			buildConfigurationList = 7D0EAD3D29CE34DD00BBFFD8 /* Build configuration list for PBXNativeTarget "UIKitToDoListCombine" */;
			buildPhases = (
				7D0EAD2529CE34DC00BBFFD8 /* Sources */,
				7D0EAD2629CE34DC00BBFFD8 /* Frameworks */,
				7D0EAD2729CE34DC00BBFFD8 /* Resources */,
			);
			buildRules = (
			);
			dependencies = (
			);
			name = UIKitToDoListCombine;
			productName = UIKitToDoListCombine;
			productReference = 7D0EAD2929CE34DC00BBFFD8 /* UIKitToDoListCombine.app */;
			productType = "com.apple.product-type.application";
		};
/* End PBXNativeTarget section */

/* Begin PBXProject section */
		7D0EAD2129CE34DC00BBFFD8 /* Project object */ = {
			isa = PBXProject;
			attributes = {
				BuildIndependentTargetsInParallel = 1;
				LastSwiftUpdateCheck = 1400;
				LastUpgradeCheck = 1400;
				TargetAttributes = {
					7D0EAD2829CE34DC00BBFFD8 = {
						CreatedOnToolsVersion = 14.0.1;
					};
				};
			};
			buildConfigurationList = 7D0EAD2429CE34DC00BBFFD8 /* Build configuration list for PBXProject "UIKitToDoListCombine" */;
			compatibilityVersion = "Xcode 14.0";
			developmentRegion = en;
			hasScannedForEncodings = 0;
			knownRegions = (
				en,
				Base,
			);
			mainGroup = 7D0EAD2029CE34DC00BBFFD8;
			productRefGroup = 7D0EAD2A29CE34DC00BBFFD8 /* Products */;
			projectDirPath = "";
			projectRoot = "";
			targets = (
				7D0EAD2829CE34DC00BBFFD8 /* UIKitToDoListCombine */,
			);
		};
/* End PBXProject section */

/* Begin PBXResourcesBuildPhase section */
		7D0EAD2729CE34DC00BBFFD8 /* Resources */ = {
			isa = PBXResourcesBuildPhase;
			buildActionMask = 2147483647;
			files = (
				7D0EAD3929CE34DD00BBFFD8 /* LaunchScreen.storyboard in Resources */,
				7D0EAD3629CE34DD00BBFFD8 /* Assets.xcassets in Resources */,
			);
			runOnlyForDeploymentPostprocessing = 0;
		};
/* End PBXResourcesBuildPhase section */

/* Begin PBXSourcesBuildPhase section */
		7D0EAD2529CE34DC00BBFFD8 /* Sources */ = {
			isa = PBXSourcesBuildPhase;
			buildActionMask = 2147483647;
			files = (
				7D0EAD4B29CF650700BBFFD8 /* ToDoListViewModel.swift in Sources */,
				7D0EAD4E29CF651700BBFFD8 /* ToDo.swift in Sources */,
				7D385DC429D33CF700B256B6 /* ToDoView.swift in Sources */,
				7D0EAD3129CE34DC00BBFFD8 /* ToDoViewController.swift in Sources */,
				7D0EAD4529CE38CA00BBFFD8 /* ToDoListTableViewCell.swift in Sources */,
				7D0EAD4329CE386500BBFFD8 /* Extension+ToDoViewTableView.swift in Sources */,
				7D0EAD2D29CE34DC00BBFFD8 /* AppDelegate.swift in Sources */,
				7D0EAD2F29CE34DC00BBFFD8 /* SceneDelegate.swift in Sources */,
			);
			runOnlyForDeploymentPostprocessing = 0;
		};
/* End PBXSourcesBuildPhase section */

/* Begin PBXVariantGroup section */
		7D0EAD3729CE34DD00BBFFD8 /* LaunchScreen.storyboard */ = {
			isa = PBXVariantGroup;
			children = (
				7D0EAD3829CE34DD00BBFFD8 /* Base */,
			);
			name = LaunchScreen.storyboard;
			sourceTree = "<group>";
		};
/* End PBXVariantGroup section */

/* Begin XCBuildConfiguration section */
		7D0EAD3B29CE34DD00BBFFD8 /* Debug */ = {
			isa = XCBuildConfiguration;
			buildSettings = {
				ALWAYS_SEARCH_USER_PATHS = NO;
				CLANG_ANALYZER_NONNULL = YES;
				CLANG_ANALYZER_NUMBER_OBJECT_CONVERSION = YES_AGGRESSIVE;
				CLANG_CXX_LANGUAGE_STANDARD = "gnu++20";
				CLANG_ENABLE_MODULES = YES;
				CLANG_ENABLE_OBJC_ARC = YES;
				CLANG_ENABLE_OBJC_WEAK = YES;
				CLANG_WARN_BLOCK_CAPTURE_AUTORELEASING = YES;
				CLANG_WARN_BOOL_CONVERSION = YES;
				CLANG_WARN_COMMA = YES;
				CLANG_WARN_CONSTANT_CONVERSION = YES;
				CLANG_WARN_DEPRECATED_OBJC_IMPLEMENTATIONS = YES;
				CLANG_WARN_DIRECT_OBJC_ISA_USAGE = YES_ERROR;
				CLANG_WARN_DOCUMENTATION_COMMENTS = YES;
				CLANG_WARN_EMPTY_BODY = YES;
				CLANG_WARN_ENUM_CONVERSION = YES;
				CLANG_WARN_INFINITE_RECURSION = YES;
				CLANG_WARN_INT_CONVERSION = YES;
				CLANG_WARN_NON_LITERAL_NULL_CONVERSION = YES;
				CLANG_WARN_OBJC_IMPLICIT_RETAIN_SELF = YES;
				CLANG_WARN_OBJC_LITERAL_CONVERSION = YES;
				CLANG_WARN_OBJC_ROOT_CLASS = YES_ERROR;
				CLANG_WARN_QUOTED_INCLUDE_IN_FRAMEWORK_HEADER = YES;
				CLANG_WARN_RANGE_LOOP_ANALYSIS = YES;
				CLANG_WARN_STRICT_PROTOTYPES = YES;
				CLANG_WARN_SUSPICIOUS_MOVE = YES;
				CLANG_WARN_UNGUARDED_AVAILABILITY = YES_AGGRESSIVE;
				CLANG_WARN_UNREACHABLE_CODE = YES;
				CLANG_WARN__DUPLICATE_METHOD_MATCH = YES;
				COPY_PHASE_STRIP = NO;
				DEBUG_INFORMATION_FORMAT = dwarf;
				ENABLE_STRICT_OBJC_MSGSEND = YES;
				ENABLE_TESTABILITY = YES;
				GCC_C_LANGUAGE_STANDARD = gnu11;
				GCC_DYNAMIC_NO_PIC = NO;
				GCC_NO_COMMON_BLOCKS = YES;
				GCC_OPTIMIZATION_LEVEL = 0;
				GCC_PREPROCESSOR_DEFINITIONS = (
					"DEBUG=1",
					"$(inherited)",
				);
				GCC_WARN_64_TO_32_BIT_CONVERSION = YES;
				GCC_WARN_ABOUT_RETURN_TYPE = YES_ERROR;
				GCC_WARN_UNDECLARED_SELECTOR = YES;
				GCC_WARN_UNINITIALIZED_AUTOS = YES_AGGRESSIVE;
				GCC_WARN_UNUSED_FUNCTION = YES;
				GCC_WARN_UNUSED_VARIABLE = YES;
				IPHONEOS_DEPLOYMENT_TARGET = 16.0;
				MTL_ENABLE_DEBUG_INFO = INCLUDE_SOURCE;
				MTL_FAST_MATH = YES;
				ONLY_ACTIVE_ARCH = YES;
				SDKROOT = iphoneos;
				SWIFT_ACTIVE_COMPILATION_CONDITIONS = DEBUG;
				SWIFT_OPTIMIZATION_LEVEL = "-Onone";
			};
			name = Debug;
		};
		7D0EAD3C29CE34DD00BBFFD8 /* Release */ = {
			isa = XCBuildConfiguration;
			buildSettings = {
				ALWAYS_SEARCH_USER_PATHS = NO;
				CLANG_ANALYZER_NONNULL = YES;
				CLANG_ANALYZER_NUMBER_OBJECT_CONVERSION = YES_AGGRESSIVE;
				CLANG_CXX_LANGUAGE_STANDARD = "gnu++20";
				CLANG_ENABLE_MODULES = YES;
				CLANG_ENABLE_OBJC_ARC = YES;
				CLANG_ENABLE_OBJC_WEAK = YES;
				CLANG_WARN_BLOCK_CAPTURE_AUTORELEASING = YES;
				CLANG_WARN_BOOL_CONVERSION = YES;
				CLANG_WARN_COMMA = YES;
				CLANG_WARN_CONSTANT_CONVERSION = YES;
				CLANG_WARN_DEPRECATED_OBJC_IMPLEMENTATIONS = YES;
				CLANG_WARN_DIRECT_OBJC_ISA_USAGE = YES_ERROR;
				CLANG_WARN_DOCUMENTATION_COMMENTS = YES;
				CLANG_WARN_EMPTY_BODY = YES;
				CLANG_WARN_ENUM_CONVERSION = YES;
				CLANG_WARN_INFINITE_RECURSION = YES;
				CLANG_WARN_INT_CONVERSION = YES;
				CLANG_WARN_NON_LITERAL_NULL_CONVERSION = YES;
				CLANG_WARN_OBJC_IMPLICIT_RETAIN_SELF = YES;
				CLANG_WARN_OBJC_LITERAL_CONVERSION = YES;
				CLANG_WARN_OBJC_ROOT_CLASS = YES_ERROR;
				CLANG_WARN_QUOTED_INCLUDE_IN_FRAMEWORK_HEADER = YES;
				CLANG_WARN_RANGE_LOOP_ANALYSIS = YES;
				CLANG_WARN_STRICT_PROTOTYPES = YES;
				CLANG_WARN_SUSPICIOUS_MOVE = YES;
				CLANG_WARN_UNGUARDED_AVAILABILITY = YES_AGGRESSIVE;
				CLANG_WARN_UNREACHABLE_CODE = YES;
				CLANG_WARN__DUPLICATE_METHOD_MATCH = YES;
				COPY_PHASE_STRIP = NO;
				DEBUG_INFORMATION_FORMAT = "dwarf-with-dsym";
				ENABLE_NS_ASSERTIONS = NO;
				ENABLE_STRICT_OBJC_MSGSEND = YES;
				GCC_C_LANGUAGE_STANDARD = gnu11;
				GCC_NO_COMMON_BLOCKS = YES;
				GCC_WARN_64_TO_32_BIT_CONVERSION = YES;
				GCC_WARN_ABOUT_RETURN_TYPE = YES_ERROR;
				GCC_WARN_UNDECLARED_SELECTOR = YES;
				GCC_WARN_UNINITIALIZED_AUTOS = YES_AGGRESSIVE;
				GCC_WARN_UNUSED_FUNCTION = YES;
				GCC_WARN_UNUSED_VARIABLE = YES;
				IPHONEOS_DEPLOYMENT_TARGET = 16.0;
				MTL_ENABLE_DEBUG_INFO = NO;
				MTL_FAST_MATH = YES;
				SDKROOT = iphoneos;
				SWIFT_COMPILATION_MODE = wholemodule;
				SWIFT_OPTIMIZATION_LEVEL = "-O";
				VALIDATE_PRODUCT = YES;
			};
			name = Release;
		};
		7D0EAD3E29CE34DD00BBFFD8 /* Debug */ = {
			isa = XCBuildConfiguration;
			buildSettings = {
				ASSETCATALOG_COMPILER_APPICON_NAME = AppIcon;
				ASSETCATALOG_COMPILER_GLOBAL_ACCENT_COLOR_NAME = AccentColor;
				CODE_SIGN_STYLE = Automatic;
				CURRENT_PROJECT_VERSION = 1;
				DEVELOPMENT_TEAM = 34G99QRS57;
				GENERATE_INFOPLIST_FILE = YES;
				INFOPLIST_FILE = UIKitToDoListCombine/Info.plist;
				INFOPLIST_KEY_UIApplicationSupportsIndirectInputEvents = YES;
				INFOPLIST_KEY_UILaunchStoryboardName = LaunchScreen;
				INFOPLIST_KEY_UISupportedInterfaceOrientations_iPad = "UIInterfaceOrientationPortrait UIInterfaceOrientationPortraitUpsideDown UIInterfaceOrientationLandscapeLeft UIInterfaceOrientationLandscapeRight";
				INFOPLIST_KEY_UISupportedInterfaceOrientations_iPhone = "UIInterfaceOrientationPortrait UIInterfaceOrientationLandscapeLeft UIInterfaceOrientationLandscapeRight";
				LD_RUNPATH_SEARCH_PATHS = (
					"$(inherited)",
					"@executable_path/Frameworks",
				);
				MARKETING_VERSION = 1.0;
				PRODUCT_BUNDLE_IDENTIFIER = com.engingulek.UIKitToDoListCombine;
				PRODUCT_NAME = "$(TARGET_NAME)";
				SWIFT_EMIT_LOC_STRINGS = YES;
				SWIFT_VERSION = 5.0;
				TARGETED_DEVICE_FAMILY = "1,2";
			};
			name = Debug;
		};
		7D0EAD3F29CE34DD00BBFFD8 /* Release */ = {
			isa = XCBuildConfiguration;
			buildSettings = {
				ASSETCATALOG_COMPILER_APPICON_NAME = AppIcon;
				ASSETCATALOG_COMPILER_GLOBAL_ACCENT_COLOR_NAME = AccentColor;
				CODE_SIGN_STYLE = Automatic;
				CURRENT_PROJECT_VERSION = 1;
				DEVELOPMENT_TEAM = 34G99QRS57;
				GENERATE_INFOPLIST_FILE = YES;
				INFOPLIST_FILE = UIKitToDoListCombine/Info.plist;
				INFOPLIST_KEY_UIApplicationSupportsIndirectInputEvents = YES;
				INFOPLIST_KEY_UILaunchStoryboardName = LaunchScreen;
				INFOPLIST_KEY_UISupportedInterfaceOrientations_iPad = "UIInterfaceOrientationPortrait UIInterfaceOrientationPortraitUpsideDown UIInterfaceOrientationLandscapeLeft UIInterfaceOrientationLandscapeRight";
				INFOPLIST_KEY_UISupportedInterfaceOrientations_iPhone = "UIInterfaceOrientationPortrait UIInterfaceOrientationLandscapeLeft UIInterfaceOrientationLandscapeRight";
				LD_RUNPATH_SEARCH_PATHS = (
					"$(inherited)",
					"@executable_path/Frameworks",
				);
				MARKETING_VERSION = 1.0;
				PRODUCT_BUNDLE_IDENTIFIER = com.engingulek.UIKitToDoListCombine;
				PRODUCT_NAME = "$(TARGET_NAME)";
				SWIFT_EMIT_LOC_STRINGS = YES;
				SWIFT_VERSION = 5.0;
				TARGETED_DEVICE_FAMILY = "1,2";
			};
			name = Release;
		};
/* End XCBuildConfiguration section */

/* Begin XCConfigurationList section */
		7D0EAD2429CE34DC00BBFFD8 /* Build configuration list for PBXProject "UIKitToDoListCombine" */ = {
			isa = XCConfigurationList;
			buildConfigurations = (
				7D0EAD3B29CE34DD00BBFFD8 /* Debug */,
				7D0EAD3C29CE34DD00BBFFD8 /* Release */,
			);
			defaultConfigurationIsVisible = 0;
			defaultConfigurationName = Release;
		};
		7D0EAD3D29CE34DD00BBFFD8 /* Build configuration list for PBXNativeTarget "UIKitToDoListCombine" */ = {
			isa = XCConfigurationList;
			buildConfigurations = (
				7D0EAD3E29CE34DD00BBFFD8 /* Debug */,
				7D0EAD3F29CE34DD00BBFFD8 /* Release */,
			);
			defaultConfigurationIsVisible = 0;
			defaultConfigurationName = Release;
		};
/* End XCConfigurationList section */
	};
	rootObject = 7D0EAD2129CE34DC00BBFFD8 /* Project object */;
}
